
Microsoft Visual Studio Solution File, Format Version 12.00
# Visual Studio Version 16
VisualStudioVersion = 16.0.31112.23
MinimumVisualStudioVersion = 10.0.40219.1
Project("{FAE04EC0-301F-11D3-BF4B-00C04F79EFBC}") = "pr 5 teselko 01.01", "pr 5 teselko 01.01\pr 5 teselko 01.01.csproj", "{E07D1386-BF44-420D-B965-53B98981C26B}"
EndProject
Global
	GlobalSection(SolutionConfigurationPlatforms) = preSolution
		Debug|Any CPU = Debug|Any CPU
		Release|Any CPU = Release|Any CPU
	EndGlobalSection
	GlobalSection(ProjectConfigurationPlatforms) = postSolution
		{E07D1386-BF44-420D-B965-53B98981C26B}.Debug|Any CPU.ActiveCfg = Debug|Any CPU
		{E07D1386-BF44-420D-B965-53B98981C26B}.Debug|Any CPU.Build.0 = Debug|Any CPU
		{E07D1386-BF44-420D-B965-53B98981C26B}.Release|Any CPU.ActiveCfg = Release|Any CPU
		{E07D1386-BF44-420D-B965-53B98981C26B}.Release|Any CPU.Build.0 = Release|Any CPU
	EndGlobalSection
	GlobalSection(SolutionProperties) = preSolution
		HideSolutionNode = FALSE
	EndGlobalSection
	GlobalSection(ExtensibilityGlobals) = postSolution
		SolutionGuid = {3C8D2C58-971C-4DB4-8658-D714272E56BA}
	EndGlobalSection
EndGlobal
